
Microsoft Visual Studio Solution File, Format Version 12.00
# Visual Studio 2013
VisualStudioVersion = 12.0.31101.0
MinimumVisualStudioVersion = 10.0.40219.1
Project("{FAE04EC0-301F-11D3-BF4B-00C04F79EFBC}") = "SoloFi", "SoloFi\SoloFi\SoloFi.csproj", "{124C1DF8-2F2D-4CD8-920D-785E923DC926}"
EndProject
Project("{FAE04EC0-301F-11D3-BF4B-00C04F79EFBC}") = "SoloFi.Droid", "SoloFi\SoloFi.Droid\SoloFi.Droid.csproj", "{F1E1ED5D-EF62-47A9-B2C4-B8D41F9711AC}"
EndProject
Project("{2150E333-8FDC-42A3-9474-1A3956D46DE8}") = ".nuget", ".nuget", "{CE80917B-2FA3-4331-AEBE-A1C923E60E8D}"
EndProject
Project("{2150E333-8FDC-42A3-9474-1A3956D46DE8}") = "Model", "Model", "{3AAB8F5F-F700-4EDA-BF79-6276EF9704E9}"
EndProject
Project("{FAE04EC0-301F-11D3-BF4B-00C04F79EFBC}") = "SoloFi.Contract", "SoloFi.Contract\SoloFi.Contract.csproj", "{822BE395-C4AD-406A-AB22-7F0BB08CA0B9}"
EndProject
Project("{FAE04EC0-301F-11D3-BF4B-00C04F79EFBC}") = "SoloFi.Entity", "SoloFi.Entity\SoloFi.Entity.csproj", "{85B4EF43-0FF4-4698-8156-177BF3675BBC}"
EndProject
Project("{FAE04EC0-301F-11D3-BF4B-00C04F79EFBC}") = "SoloFi.Model", "SoloFi.Model\SoloFi.Model.csproj", "{B4FBD839-28DB-4C32-A93D-CB76DEDC8E61}"
EndProject
Global
	GlobalSection(SolutionConfigurationPlatforms) = preSolution
		Ad-Hoc|Any CPU = Ad-Hoc|Any CPU
		Ad-Hoc|ARM = Ad-Hoc|ARM
		Ad-Hoc|iPhone = Ad-Hoc|iPhone
		Ad-Hoc|iPhoneSimulator = Ad-Hoc|iPhoneSimulator
		Ad-Hoc|Mixed Platforms = Ad-Hoc|Mixed Platforms
		Ad-Hoc|x64 = Ad-Hoc|x64
		Ad-Hoc|x86 = Ad-Hoc|x86
		AppStore|Any CPU = AppStore|Any CPU
		AppStore|ARM = AppStore|ARM
		AppStore|iPhone = AppStore|iPhone
		AppStore|iPhoneSimulator = AppStore|iPhoneSimulator
		AppStore|Mixed Platforms = AppStore|Mixed Platforms
		AppStore|x64 = AppStore|x64
		AppStore|x86 = AppStore|x86
		Debug|Any CPU = Debug|Any CPU
		Debug|ARM = Debug|ARM
		Debug|iPhone = Debug|iPhone
		Debug|iPhoneSimulator = Debug|iPhoneSimulator
		Debug|Mixed Platforms = Debug|Mixed Platforms
		Debug|x64 = Debug|x64
		Debug|x86 = Debug|x86
		Release|Any CPU = Release|Any CPU
		Release|ARM = Release|ARM
		Release|iPhone = Release|iPhone
		Release|iPhoneSimulator = Release|iPhoneSimulator
		Release|Mixed Platforms = Release|Mixed Platforms
		Release|x64 = Release|x64
		Release|x86 = Release|x86
	EndGlobalSection
	GlobalSection(ProjectConfigurationPlatforms) = postSolution
		{124C1DF8-2F2D-4CD8-920D-785E923DC926}.Ad-Hoc|Any CPU.ActiveCfg = Release|Any CPU
		{124C1DF8-2F2D-4CD8-920D-785E923DC926}.Ad-Hoc|Any CPU.Build.0 = Release|Any CPU
		{124C1DF8-2F2D-4CD8-920D-785E923DC926}.Ad-Hoc|ARM.ActiveCfg = Release|Any CPU
		{124C1DF8-2F2D-4CD8-920D-785E923DC926}.Ad-Hoc|iPhone.ActiveCfg = Release|Any CPU
		{124C1DF8-2F2D-4CD8-920D-785E923DC926}.Ad-Hoc|iPhoneSimulator.ActiveCfg = Release|Any CPU
		{124C1DF8-2F2D-4CD8-920D-785E923DC926}.Ad-Hoc|Mixed Platforms.ActiveCfg = Release|Any CPU
		{124C1DF8-2F2D-4CD8-920D-785E923DC926}.Ad-Hoc|Mixed Platforms.Build.0 = Release|Any CPU
		{124C1DF8-2F2D-4CD8-920D-785E923DC926}.Ad-Hoc|x64.ActiveCfg = Debug|Any CPU
		{124C1DF8-2F2D-4CD8-920D-785E923DC926}.Ad-Hoc|x86.ActiveCfg = Release|Any CPU
		{124C1DF8-2F2D-4CD8-920D-785E923DC926}.AppStore|Any CPU.ActiveCfg = Release|Any CPU
		{124C1DF8-2F2D-4CD8-920D-785E923DC926}.AppStore|Any CPU.Build.0 = Release|Any CPU
		{124C1DF8-2F2D-4CD8-920D-785E923DC926}.AppStore|ARM.ActiveCfg = Release|Any CPU
		{124C1DF8-2F2D-4CD8-920D-785E923DC926}.AppStore|iPhone.ActiveCfg = Release|Any CPU
		{124C1DF8-2F2D-4CD8-920D-785E923DC926}.AppStore|iPhoneSimulator.ActiveCfg = Release|Any CPU
		{124C1DF8-2F2D-4CD8-920D-785E923DC926}.AppStore|Mixed Platforms.ActiveCfg = Release|Any CPU
		{124C1DF8-2F2D-4CD8-920D-785E923DC926}.AppStore|Mixed Platforms.Build.0 = Release|Any CPU
		{124C1DF8-2F2D-4CD8-920D-785E923DC926}.AppStore|x64.ActiveCfg = Debug|Any CPU
		{124C1DF8-2F2D-4CD8-920D-785E923DC926}.AppStore|x86.ActiveCfg = Release|Any CPU
		{124C1DF8-2F2D-4CD8-920D-785E923DC926}.Debug|Any CPU.ActiveCfg = Debug|Any CPU
		{124C1DF8-2F2D-4CD8-920D-785E923DC926}.Debug|Any CPU.Build.0 = Debug|Any CPU
		{124C1DF8-2F2D-4CD8-920D-785E923DC926}.Debug|ARM.ActiveCfg = Debug|Any CPU
		{124C1DF8-2F2D-4CD8-920D-785E923DC926}.Debug|iPhone.ActiveCfg = Debug|Any CPU
		{124C1DF8-2F2D-4CD8-920D-785E923DC926}.Debug|iPhoneSimulator.ActiveCfg = Debug|Any CPU
		{124C1DF8-2F2D-4CD8-920D-785E923DC926}.Debug|iPhoneSimulator.Build.0 = Debug|Any CPU
		{124C1DF8-2F2D-4CD8-920D-785E923DC926}.Debug|Mixed Platforms.ActiveCfg = Debug|Any CPU
		{124C1DF8-2F2D-4CD8-920D-785E923DC926}.Debug|Mixed Platforms.Build.0 = Debug|Any CPU
		{124C1DF8-2F2D-4CD8-920D-785E923DC926}.Debug|x64.ActiveCfg = Debug|Any CPU
		{124C1DF8-2F2D-4CD8-920D-785E923DC926}.Debug|x86.ActiveCfg = Debug|Any CPU
		{124C1DF8-2F2D-4CD8-920D-785E923DC926}.Release|Any CPU.ActiveCfg = Release|Any CPU
		{124C1DF8-2F2D-4CD8-920D-785E923DC926}.Release|Any CPU.Build.0 = Release|Any CPU
		{124C1DF8-2F2D-4CD8-920D-785E923DC926}.Release|ARM.ActiveCfg = Release|Any CPU
		{124C1DF8-2F2D-4CD8-920D-785E923DC926}.Release|iPhone.ActiveCfg = Release|Any CPU
		{124C1DF8-2F2D-4CD8-920D-785E923DC926}.Release|iPhoneSimulator.ActiveCfg = Release|Any CPU
		{124C1DF8-2F2D-4CD8-920D-785E923DC926}.Release|Mixed Platforms.ActiveCfg = Release|Any CPU
		{124C1DF8-2F2D-4CD8-920D-785E923DC926}.Release|Mixed Platforms.Build.0 = Release|Any CPU
		{124C1DF8-2F2D-4CD8-920D-785E923DC926}.Release|x64.ActiveCfg = Release|Any CPU
		{124C1DF8-2F2D-4CD8-920D-785E923DC926}.Release|x86.ActiveCfg = Release|Any CPU
		{F1E1ED5D-EF62-47A9-B2C4-B8D41F9711AC}.Ad-Hoc|Any CPU.ActiveCfg = Release|Any CPU
		{F1E1ED5D-EF62-47A9-B2C4-B8D41F9711AC}.Ad-Hoc|Any CPU.Build.0 = Release|Any CPU
		{F1E1ED5D-EF62-47A9-B2C4-B8D41F9711AC}.Ad-Hoc|Any CPU.Deploy.0 = Release|Any CPU
		{F1E1ED5D-EF62-47A9-B2C4-B8D41F9711AC}.Ad-Hoc|ARM.ActiveCfg = Release|Any CPU
		{F1E1ED5D-EF62-47A9-B2C4-B8D41F9711AC}.Ad-Hoc|iPhone.ActiveCfg = Release|Any CPU
		{F1E1ED5D-EF62-47A9-B2C4-B8D41F9711AC}.Ad-Hoc|iPhoneSimulator.ActiveCfg = Release|Any CPU
		{F1E1ED5D-EF62-47A9-B2C4-B8D41F9711AC}.Ad-Hoc|Mixed Platforms.ActiveCfg = Release|Any CPU
		{F1E1ED5D-EF62-47A9-B2C4-B8D41F9711AC}.Ad-Hoc|Mixed Platforms.Build.0 = Release|Any CPU
		{F1E1ED5D-EF62-47A9-B2C4-B8D41F9711AC}.Ad-Hoc|Mixed Platforms.Deploy.0 = Release|Any CPU
		{F1E1ED5D-EF62-47A9-B2C4-B8D41F9711AC}.Ad-Hoc|x64.ActiveCfg = Debug|Any CPU
		{F1E1ED5D-EF62-47A9-B2C4-B8D41F9711AC}.Ad-Hoc|x86.ActiveCfg = Release|Any CPU
		{F1E1ED5D-EF62-47A9-B2C4-B8D41F9711AC}.AppStore|Any CPU.ActiveCfg = Release|Any CPU
		{F1E1ED5D-EF62-47A9-B2C4-B8D41F9711AC}.AppStore|Any CPU.Build.0 = Release|Any CPU
		{F1E1ED5D-EF62-47A9-B2C4-B8D41F9711AC}.AppStore|Any CPU.Deploy.0 = Release|Any CPU
		{F1E1ED5D-EF62-47A9-B2C4-B8D41F9711AC}.AppStore|ARM.ActiveCfg = Release|Any CPU
		{F1E1ED5D-EF62-47A9-B2C4-B8D41F9711AC}.AppStore|iPhone.ActiveCfg = Release|Any CPU
		{F1E1ED5D-EF62-47A9-B2C4-B8D41F9711AC}.AppStore|iPhoneSimulator.ActiveCfg = Release|Any CPU
		{F1E1ED5D-EF62-47A9-B2C4-B8D41F9711AC}.AppStore|Mixed Platforms.ActiveCfg = Release|Any CPU
		{F1E1ED5D-EF62-47A9-B2C4-B8D41F9711AC}.AppStore|Mixed Platforms.Build.0 = Release|Any CPU
		{F1E1ED5D-EF62-47A9-B2C4-B8D41F9711AC}.AppStore|Mixed Platforms.Deploy.0 = Release|Any CPU
		{F1E1ED5D-EF62-47A9-B2C4-B8D41F9711AC}.AppStore|x64.ActiveCfg = Debug|Any CPU
		{F1E1ED5D-EF62-47A9-B2C4-B8D41F9711AC}.AppStore|x86.ActiveCfg = Release|Any CPU
		{F1E1ED5D-EF62-47A9-B2C4-B8D41F9711AC}.Debug|Any CPU.ActiveCfg = Debug|Any CPU
		{F1E1ED5D-EF62-47A9-B2C4-B8D41F9711AC}.Debug|Any CPU.Build.0 = Debug|Any CPU
		{F1E1ED5D-EF62-47A9-B2C4-B8D41F9711AC}.Debug|Any CPU.Deploy.0 = Debug|Any CPU
		{F1E1ED5D-EF62-47A9-B2C4-B8D41F9711AC}.Debug|ARM.ActiveCfg = Debug|Any CPU
		{F1E1ED5D-EF62-47A9-B2C4-B8D41F9711AC}.Debug|iPhone.ActiveCfg = Debug|Any CPU
		{F1E1ED5D-EF62-47A9-B2C4-B8D41F9711AC}.Debug|iPhoneSimulator.ActiveCfg = Debug|Any CPU
		{F1E1ED5D-EF62-47A9-B2C4-B8D41F9711AC}.Debug|Mixed Platforms.ActiveCfg = Debug|Any CPU
		{F1E1ED5D-EF62-47A9-B2C4-B8D41F9711AC}.Debug|Mixed Platforms.Build.0 = Debug|Any CPU
		{F1E1ED5D-EF62-47A9-B2C4-B8D41F9711AC}.Debug|Mixed Platforms.Deploy.0 = Debug|Any CPU
		{F1E1ED5D-EF62-47A9-B2C4-B8D41F9711AC}.Debug|x64.ActiveCfg = Debug|Any CPU
		{F1E1ED5D-EF62-47A9-B2C4-B8D41F9711AC}.Debug|x86.ActiveCfg = Debug|Any CPU
		{F1E1ED5D-EF62-47A9-B2C4-B8D41F9711AC}.Release|Any CPU.ActiveCfg = Release|Any CPU
		{F1E1ED5D-EF62-47A9-B2C4-B8D41F9711AC}.Release|Any CPU.Build.0 = Release|Any CPU
		{F1E1ED5D-EF62-47A9-B2C4-B8D41F9711AC}.Release|Any CPU.Deploy.0 = Release|Any CPU
		{F1E1ED5D-EF62-47A9-B2C4-B8D41F9711AC}.Release|ARM.ActiveCfg = Release|Any CPU
		{F1E1ED5D-EF62-47A9-B2C4-B8D41F9711AC}.Release|iPhone.ActiveCfg = Release|Any CPU
		{F1E1ED5D-EF62-47A9-B2C4-B8D41F9711AC}.Release|iPhoneSimulator.ActiveCfg = Release|Any CPU
		{F1E1ED5D-EF62-47A9-B2C4-B8D41F9711AC}.Release|Mixed Platforms.ActiveCfg = Release|Any CPU
		{F1E1ED5D-EF62-47A9-B2C4-B8D41F9711AC}.Release|Mixed Platforms.Build.0 = Release|Any CPU
		{F1E1ED5D-EF62-47A9-B2C4-B8D41F9711AC}.Release|Mixed Platforms.Deploy.0 = Release|Any CPU
		{F1E1ED5D-EF62-47A9-B2C4-B8D41F9711AC}.Release|x64.ActiveCfg = Release|Any CPU
		{F1E1ED5D-EF62-47A9-B2C4-B8D41F9711AC}.Release|x86.ActiveCfg = Release|Any CPU
		{822BE395-C4AD-406A-AB22-7F0BB08CA0B9}.Ad-Hoc|Any CPU.ActiveCfg = Release|Any CPU
		{822BE395-C4AD-406A-AB22-7F0BB08CA0B9}.Ad-Hoc|Any CPU.Build.0 = Release|Any CPU
		{822BE395-C4AD-406A-AB22-7F0BB08CA0B9}.Ad-Hoc|ARM.ActiveCfg = Release|Any CPU
		{822BE395-C4AD-406A-AB22-7F0BB08CA0B9}.Ad-Hoc|iPhone.ActiveCfg = Release|Any CPU
		{822BE395-C4AD-406A-AB22-7F0BB08CA0B9}.Ad-Hoc|iPhoneSimulator.ActiveCfg = Release|Any CPU
		{822BE395-C4AD-406A-AB22-7F0BB08CA0B9}.Ad-Hoc|Mixed Platforms.ActiveCfg = Release|Any CPU
		{822BE395-C4AD-406A-AB22-7F0BB08CA0B9}.Ad-Hoc|Mixed Platforms.Build.0 = Release|Any CPU
		{822BE395-C4AD-406A-AB22-7F0BB08CA0B9}.Ad-Hoc|x64.ActiveCfg = Release|Any CPU
		{822BE395-C4AD-406A-AB22-7F0BB08CA0B9}.Ad-Hoc|x86.ActiveCfg = Release|Any CPU
		{822BE395-C4AD-406A-AB22-7F0BB08CA0B9}.AppStore|Any CPU.ActiveCfg = Release|Any CPU
		{822BE395-C4AD-406A-AB22-7F0BB08CA0B9}.AppStore|Any CPU.Build.0 = Release|Any CPU
		{822BE395-C4AD-406A-AB22-7F0BB08CA0B9}.AppStore|ARM.ActiveCfg = Release|Any CPU
		{822BE395-C4AD-406A-AB22-7F0BB08CA0B9}.AppStore|iPhone.ActiveCfg = Release|Any CPU
		{822BE395-C4AD-406A-AB22-7F0BB08CA0B9}.AppStore|iPhoneSimulator.ActiveCfg = Release|Any CPU
		{822BE395-C4AD-406A-AB22-7F0BB08CA0B9}.AppStore|Mixed Platforms.ActiveCfg = Release|Any CPU
		{822BE395-C4AD-406A-AB22-7F0BB08CA0B9}.AppStore|Mixed Platforms.Build.0 = Release|Any CPU
		{822BE395-C4AD-406A-AB22-7F0BB08CA0B9}.AppStore|x64.ActiveCfg = Release|Any CPU
		{822BE395-C4AD-406A-AB22-7F0BB08CA0B9}.AppStore|x86.ActiveCfg = Release|Any CPU
		{822BE395-C4AD-406A-AB22-7F0BB08CA0B9}.Debug|Any CPU.ActiveCfg = Debug|Any CPU
		{822BE395-C4AD-406A-AB22-7F0BB08CA0B9}.Debug|Any CPU.Build.0 = Debug|Any CPU
		{822BE395-C4AD-406A-AB22-7F0BB08CA0B9}.Debug|ARM.ActiveCfg = Debug|Any CPU
		{822BE395-C4AD-406A-AB22-7F0BB08CA0B9}.Debug|iPhone.ActiveCfg = Debug|Any CPU
		{822BE395-C4AD-406A-AB22-7F0BB08CA0B9}.Debug|iPhoneSimulator.ActiveCfg = Debug|Any CPU
		{822BE395-C4AD-406A-AB22-7F0BB08CA0B9}.Debug|iPhoneSimulator.Build.0 = Debug|Any CPU
		{822BE395-C4AD-406A-AB22-7F0BB08CA0B9}.Debug|Mixed Platforms.ActiveCfg = Debug|Any CPU
		{822BE395-C4AD-406A-AB22-7F0BB08CA0B9}.Debug|Mixed Platforms.Build.0 = Debug|Any CPU
		{822BE395-C4AD-406A-AB22-7F0BB08CA0B9}.Debug|x64.ActiveCfg = Debug|Any CPU
		{822BE395-C4AD-406A-AB22-7F0BB08CA0B9}.Debug|x86.ActiveCfg = Debug|Any CPU
		{822BE395-C4AD-406A-AB22-7F0BB08CA0B9}.Release|Any CPU.ActiveCfg = Release|Any CPU
		{822BE395-C4AD-406A-AB22-7F0BB08CA0B9}.Release|Any CPU.Build.0 = Release|Any CPU
		{822BE395-C4AD-406A-AB22-7F0BB08CA0B9}.Release|ARM.ActiveCfg = Release|Any CPU
		{822BE395-C4AD-406A-AB22-7F0BB08CA0B9}.Release|iPhone.ActiveCfg = Release|Any CPU
		{822BE395-C4AD-406A-AB22-7F0BB08CA0B9}.Release|iPhoneSimulator.ActiveCfg = Release|Any CPU
		{822BE395-C4AD-406A-AB22-7F0BB08CA0B9}.Release|Mixed Platforms.ActiveCfg = Release|Any CPU
		{822BE395-C4AD-406A-AB22-7F0BB08CA0B9}.Release|Mixed Platforms.Build.0 = Release|Any CPU
		{822BE395-C4AD-406A-AB22-7F0BB08CA0B9}.Release|x64.ActiveCfg = Release|Any CPU
		{822BE395-C4AD-406A-AB22-7F0BB08CA0B9}.Release|x86.ActiveCfg = Release|Any CPU
		{85B4EF43-0FF4-4698-8156-177BF3675BBC}.Ad-Hoc|Any CPU.ActiveCfg = Release|Any CPU
		{85B4EF43-0FF4-4698-8156-177BF3675BBC}.Ad-Hoc|Any CPU.Build.0 = Release|Any CPU
		{85B4EF43-0FF4-4698-8156-177BF3675BBC}.Ad-Hoc|ARM.ActiveCfg = Release|Any CPU
		{85B4EF43-0FF4-4698-8156-177BF3675BBC}.Ad-Hoc|iPhone.ActiveCfg = Release|Any CPU
		{85B4EF43-0FF4-4698-8156-177BF3675BBC}.Ad-Hoc|iPhoneSimulator.ActiveCfg = Release|Any CPU
		{85B4EF43-0FF4-4698-8156-177BF3675BBC}.Ad-Hoc|Mixed Platforms.ActiveCfg = Release|Any CPU
		{85B4EF43-0FF4-4698-8156-177BF3675BBC}.Ad-Hoc|Mixed Platforms.Build.0 = Release|Any CPU
		{85B4EF43-0FF4-4698-8156-177BF3675BBC}.Ad-Hoc|x64.ActiveCfg = Release|Any CPU
		{85B4EF43-0FF4-4698-8156-177BF3675BBC}.Ad-Hoc|x86.ActiveCfg = Release|Any CPU
		{85B4EF43-0FF4-4698-8156-177BF3675BBC}.AppStore|Any CPU.ActiveCfg = Release|Any CPU
		{85B4EF43-0FF4-4698-8156-177BF3675BBC}.AppStore|Any CPU.Build.0 = Release|Any CPU
		{85B4EF43-0FF4-4698-8156-177BF3675BBC}.AppStore|ARM.ActiveCfg = Release|Any CPU
		{85B4EF43-0FF4-4698-8156-177BF3675BBC}.AppStore|iPhone.ActiveCfg = Release|Any CPU
		{85B4EF43-0FF4-4698-8156-177BF3675BBC}.AppStore|iPhoneSimulator.ActiveCfg = Release|Any CPU
		{85B4EF43-0FF4-4698-8156-177BF3675BBC}.AppStore|Mixed Platforms.ActiveCfg = Release|Any CPU
		{85B4EF43-0FF4-4698-8156-177BF3675BBC}.AppStore|Mixed Platforms.Build.0 = Release|Any CPU
		{85B4EF43-0FF4-4698-8156-177BF3675BBC}.AppStore|x64.ActiveCfg = Release|Any CPU
		{85B4EF43-0FF4-4698-8156-177BF3675BBC}.AppStore|x86.ActiveCfg = Release|Any CPU
		{85B4EF43-0FF4-4698-8156-177BF3675BBC}.Debug|Any CPU.ActiveCfg = Debug|Any CPU
		{85B4EF43-0FF4-4698-8156-177BF3675BBC}.Debug|Any CPU.Build.0 = Debug|Any CPU
		{85B4EF43-0FF4-4698-8156-177BF3675BBC}.Debug|ARM.ActiveCfg = Debug|Any CPU
		{85B4EF43-0FF4-4698-8156-177BF3675BBC}.Debug|iPhone.ActiveCfg = Debug|Any CPU
		{85B4EF43-0FF4-4698-8156-177BF3675BBC}.Debug|iPhoneSimulator.ActiveCfg = Debug|Any CPU
		{85B4EF43-0FF4-4698-8156-177BF3675BBC}.Debug|iPhoneSimulator.Build.0 = Debug|Any CPU
		{85B4EF43-0FF4-4698-8156-177BF3675BBC}.Debug|Mixed Platforms.ActiveCfg = Debug|Any CPU
		{85B4EF43-0FF4-4698-8156-177BF3675BBC}.Debug|Mixed Platforms.Build.0 = Debug|Any CPU
		{85B4EF43-0FF4-4698-8156-177BF3675BBC}.Debug|x64.ActiveCfg = Debug|Any CPU
		{85B4EF43-0FF4-4698-8156-177BF3675BBC}.Debug|x86.ActiveCfg = Debug|Any CPU
		{85B4EF43-0FF4-4698-8156-177BF3675BBC}.Release|Any CPU.ActiveCfg = Release|Any CPU
		{85B4EF43-0FF4-4698-8156-177BF3675BBC}.Release|Any CPU.Build.0 = Release|Any CPU
		{85B4EF43-0FF4-4698-8156-177BF3675BBC}.Release|ARM.ActiveCfg = Release|Any CPU
		{85B4EF43-0FF4-4698-8156-177BF3675BBC}.Release|iPhone.ActiveCfg = Release|Any CPU
		{85B4EF43-0FF4-4698-8156-177BF3675BBC}.Release|iPhoneSimulator.ActiveCfg = Release|Any CPU
		{85B4EF43-0FF4-4698-8156-177BF3675BBC}.Release|Mixed Platforms.ActiveCfg = Release|Any CPU
		{85B4EF43-0FF4-4698-8156-177BF3675BBC}.Release|Mixed Platforms.Build.0 = Release|Any CPU
		{85B4EF43-0FF4-4698-8156-177BF3675BBC}.Release|x64.ActiveCfg = Release|Any CPU
		{85B4EF43-0FF4-4698-8156-177BF3675BBC}.Release|x86.ActiveCfg = Release|Any CPU
		{B4FBD839-28DB-4C32-A93D-CB76DEDC8E61}.Ad-Hoc|Any CPU.ActiveCfg = Release|Any CPU
		{B4FBD839-28DB-4C32-A93D-CB76DEDC8E61}.Ad-Hoc|Any CPU.Build.0 = Release|Any CPU
		{B4FBD839-28DB-4C32-A93D-CB76DEDC8E61}.Ad-Hoc|ARM.ActiveCfg = Release|Any CPU
		{B4FBD839-28DB-4C32-A93D-CB76DEDC8E61}.Ad-Hoc|iPhone.ActiveCfg = Release|Any CPU
		{B4FBD839-28DB-4C32-A93D-CB76DEDC8E61}.Ad-Hoc|iPhoneSimulator.ActiveCfg = Release|Any CPU
		{B4FBD839-28DB-4C32-A93D-CB76DEDC8E61}.Ad-Hoc|Mixed Platforms.ActiveCfg = Release|Any CPU
		{B4FBD839-28DB-4C32-A93D-CB76DEDC8E61}.Ad-Hoc|Mixed Platforms.Build.0 = Release|Any CPU
		{B4FBD839-28DB-4C32-A93D-CB76DEDC8E61}.Ad-Hoc|x64.ActiveCfg = Release|Any CPU
		{B4FBD839-28DB-4C32-A93D-CB76DEDC8E61}.Ad-Hoc|x86.ActiveCfg = Release|Any CPU
		{B4FBD839-28DB-4C32-A93D-CB76DEDC8E61}.AppStore|Any CPU.ActiveCfg = Release|Any CPU
		{B4FBD839-28DB-4C32-A93D-CB76DEDC8E61}.AppStore|Any CPU.Build.0 = Release|Any CPU
		{B4FBD839-28DB-4C32-A93D-CB76DEDC8E61}.AppStore|ARM.ActiveCfg = Release|Any CPU
		{B4FBD839-28DB-4C32-A93D-CB76DEDC8E61}.AppStore|iPhone.ActiveCfg = Release|Any CPU
		{B4FBD839-28DB-4C32-A93D-CB76DEDC8E61}.AppStore|iPhoneSimulator.ActiveCfg = Release|Any CPU
		{B4FBD839-28DB-4C32-A93D-CB76DEDC8E61}.AppStore|Mixed Platforms.ActiveCfg = Release|Any CPU
		{B4FBD839-28DB-4C32-A93D-CB76DEDC8E61}.AppStore|Mixed Platforms.Build.0 = Release|Any CPU
		{B4FBD839-28DB-4C32-A93D-CB76DEDC8E61}.AppStore|x64.ActiveCfg = Release|Any CPU
		{B4FBD839-28DB-4C32-A93D-CB76DEDC8E61}.AppStore|x86.ActiveCfg = Release|Any CPU
		{B4FBD839-28DB-4C32-A93D-CB76DEDC8E61}.Debug|Any CPU.ActiveCfg = Debug|Any CPU
		{B4FBD839-28DB-4C32-A93D-CB76DEDC8E61}.Debug|Any CPU.Build.0 = Debug|Any CPU
		{B4FBD839-28DB-4C32-A93D-CB76DEDC8E61}.Debug|ARM.ActiveCfg = Debug|Any CPU
		{B4FBD839-28DB-4C32-A93D-CB76DEDC8E61}.Debug|iPhone.ActiveCfg = Debug|Any CPU
		{B4FBD839-28DB-4C32-A93D-CB76DEDC8E61}.Debug|iPhoneSimulator.ActiveCfg = Debug|Any CPU
		{B4FBD839-28DB-4C32-A93D-CB76DEDC8E61}.Debug|Mixed Platforms.ActiveCfg = Debug|Any CPU
		{B4FBD839-28DB-4C32-A93D-CB76DEDC8E61}.Debug|Mixed Platforms.Build.0 = Debug|Any CPU
		{B4FBD839-28DB-4C32-A93D-CB76DEDC8E61}.Debug|x64.ActiveCfg = Debug|Any CPU
		{B4FBD839-28DB-4C32-A93D-CB76DEDC8E61}.Debug|x86.ActiveCfg = Debug|Any CPU
		{B4FBD839-28DB-4C32-A93D-CB76DEDC8E61}.Release|Any CPU.ActiveCfg = Release|Any CPU
		{B4FBD839-28DB-4C32-A93D-CB76DEDC8E61}.Release|Any CPU.Build.0 = Release|Any CPU
		{B4FBD839-28DB-4C32-A93D-CB76DEDC8E61}.Release|ARM.ActiveCfg = Release|Any CPU
		{B4FBD839-28DB-4C32-A93D-CB76DEDC8E61}.Release|iPhone.ActiveCfg = Release|Any CPU
		{B4FBD839-28DB-4C32-A93D-CB76DEDC8E61}.Release|iPhoneSimulator.ActiveCfg = Release|Any CPU
		{B4FBD839-28DB-4C32-A93D-CB76DEDC8E61}.Release|Mixed Platforms.ActiveCfg = Release|Any CPU
		{B4FBD839-28DB-4C32-A93D-CB76DEDC8E61}.Release|Mixed Platforms.Build.0 = Release|Any CPU
		{B4FBD839-28DB-4C32-A93D-CB76DEDC8E61}.Release|x64.ActiveCfg = Release|Any CPU
		{B4FBD839-28DB-4C32-A93D-CB76DEDC8E61}.Release|x86.ActiveCfg = Release|Any CPU
	EndGlobalSection
	GlobalSection(SolutionProperties) = preSolution
		HideSolutionNode = FALSE
	EndGlobalSection
	GlobalSection(NestedProjects) = preSolution
		{822BE395-C4AD-406A-AB22-7F0BB08CA0B9} = {3AAB8F5F-F700-4EDA-BF79-6276EF9704E9}
		{85B4EF43-0FF4-4698-8156-177BF3675BBC} = {3AAB8F5F-F700-4EDA-BF79-6276EF9704E9}
		{B4FBD839-28DB-4C32-A93D-CB76DEDC8E61} = {3AAB8F5F-F700-4EDA-BF79-6276EF9704E9}
	EndGlobalSection
EndGlobal
